// !$*UTF8*$!
{
	archiveVersion = 1;
	classes = {
	};
	objectVersion = 50;
	objects = {

/* Begin PBXBuildFile section */
		F323635C244E996300F1EF56 /* AppDelegate.swift in Sources */ = {isa = PBXBuildFile; fileRef = F323635B244E996300F1EF56 /* AppDelegate.swift */; };
		F323635E244E996300F1EF56 /* SceneDelegate.swift in Sources */ = {isa = PBXBuildFile; fileRef = F323635D244E996300F1EF56 /* SceneDelegate.swift */; };
		F3236360244E996300F1EF56 /* ViewController.swift in Sources */ = {isa = PBXBuildFile; fileRef = F323635F244E996300F1EF56 /* ViewController.swift */; };
		F3236363244E996300F1EF56 /* Main.storyboard in Resources */ = {isa = PBXBuildFile; fileRef = F3236361244E996300F1EF56 /* Main.storyboard */; };
		F3236365244E996400F1EF56 /* Assets.xcassets in Resources */ = {isa = PBXBuildFile; fileRef = F3236364244E996400F1EF56 /* Assets.xcassets */; };
		F3236368244E996400F1EF56 /* LaunchScreen.storyboard in Resources */ = {isa = PBXBuildFile; fileRef = F3236366244E996400F1EF56 /* LaunchScreen.storyboard */; };
		F3236370244E9A6300F1EF56 /* cafes_sf.json in Resources */ = {isa = PBXBuildFile; fileRef = F323636F244E9A6300F1EF56 /* cafes_sf.json */; };
		F3236372244E9AED00F1EF56 /* Cafe.swift in Sources */ = {isa = PBXBuildFile; fileRef = F3236371244E9AED00F1EF56 /* Cafe.swift */; };
/* End PBXBuildFile section */

/* Begin PBXFileReference section */
		F3236358244E996300F1EF56 /* Cafe-JSON-Jennifer-Nguyen.app */ = {isa = PBXFileReference; explicitFileType = wrapper.application; includeInIndex = 0; path = "Cafe-JSON-Jennifer-Nguyen.app"; sourceTree = BUILT_PRODUCTS_DIR; };
		F323635B244E996300F1EF56 /* AppDelegate.swift */ = {isa = PBXFileReference; lastKnownFileType = sourcecode.swift; path = AppDelegate.swift; sourceTree = "<group>"; };
		F323635D244E996300F1EF56 /* SceneDelegate.swift */ = {isa = PBXFileReference; lastKnownFileType = sourcecode.swift; path = SceneDelegate.swift; sourceTree = "<group>"; };
		F323635F244E996300F1EF56 /* ViewController.swift */ = {isa = PBXFileReference; lastKnownFileType = sourcecode.swift; path = ViewController.swift; sourceTree = "<group>"; };
		F3236362244E996300F1EF56 /* Base */ = {isa = PBXFileReference; lastKnownFileType = file.storyboard; name = Base; path = Base.lproj/Main.storyboard; sourceTree = "<group>"; };
		F3236364244E996400F1EF56 /* Assets.xcassets */ = {isa = PBXFileReference; lastKnownFileType = folder.assetcatalog; path = Assets.xcassets; sourceTree = "<group>"; };
		F3236367244E996400F1EF56 /* Base */ = {isa = PBXFileReference; lastKnownFileType = file.storyboard; name = Base; path = Base.lproj/LaunchScreen.storyboard; sourceTree = "<group>"; };
		F3236369244E996400F1EF56 /* Info.plist */ = {isa = PBXFileReference; lastKnownFileType = text.plist.xml; path = Info.plist; sourceTree = "<group>"; };
		F323636F244E9A6300F1EF56 /* cafes_sf.json */ = {isa = PBXFileReference; fileEncoding = 4; lastKnownFileType = text.json; name = cafes_sf.json; path = ../../../Downloads/cafes_sf.json; sourceTree = "<group>"; };
		F3236371244E9AED00F1EF56 /* Cafe.swift */ = {isa = PBXFileReference; lastKnownFileType = sourcecode.swift; path = Cafe.swift; sourceTree = "<group>"; };
/* End PBXFileReference section */

/* Begin PBXFrameworksBuildPhase section */
		F3236355244E996300F1EF56 /* Frameworks */ = {
			isa = PBXFrameworksBuildPhase;
			buildActionMask = 2147483647;
			files = (
			);
			runOnlyForDeploymentPostprocessing = 0;
		};
/* End PBXFrameworksBuildPhase section */

/* Begin PBXGroup section */
		F323634F244E996300F1EF56 = {
			isa = PBXGroup;
			children = (
				F323635A244E996300F1EF56 /* Cafe-JSON-Jennifer-Nguyen */,
				F3236359244E996300F1EF56 /* Products */,
			);
			sourceTree = "<group>";
		};
		F3236359244E996300F1EF56 /* Products */ = {
			isa = PBXGroup;
			children = (
				F3236358244E996300F1EF56 /* Cafe-JSON-Jennifer-Nguyen.app */,
			);
			name = Products;
			sourceTree = "<group>";
		};
		F323635A244E996300F1EF56 /* Cafe-JSON-Jennifer-Nguyen */ = {
			isa = PBXGroup;
			children = (
				F323635B244E996300F1EF56 /* AppDelegate.swift */,
				F323635D244E996300F1EF56 /* SceneDelegate.swift */,
				F323636F244E9A6300F1EF56 /* cafes_sf.json */,
				F3236371244E9AED00F1EF56 /* Cafe.swift */,
				F323635F244E996300F1EF56 /* ViewController.swift */,
				F3236361244E996300F1EF56 /* Main.storyboard */,
				F3236364244E996400F1EF56 /* Assets.xcassets */,
				F3236366244E996400F1EF56 /* LaunchScreen.storyboard */,
				F3236369244E996400F1EF56 /* Info.plist */,
			);
			path = "Cafe-JSON-Jennifer-Nguyen";
			sourceTree = "<group>";
		};
/* End PBXGroup section */

/* Begin PBXNativeTarget section */
		F3236357244E996300F1EF56 /* Cafe-JSON-Jennifer-Nguyen */ = {
			isa = PBXNativeTarget;
			buildConfigurationList = F323636C244E996400F1EF56 /* Build configuration list for PBXNativeTarget "Cafe-JSON-Jennifer-Nguyen" */;
			buildPhases = (
				F3236354244E996300F1EF56 /* Sources */,
				F3236355244E996300F1EF56 /* Frameworks */,
				F3236356244E996300F1EF56 /* Resources */,
			);
			buildRules = (
			);
			dependencies = (
			);
			name = "Cafe-JSON-Jennifer-Nguyen";
			productName = "Cafe-JSON-Jennifer-Nguyen";
			productReference = F3236358244E996300F1EF56 /* Cafe-JSON-Jennifer-Nguyen.app */;
			productType = "com.apple.product-type.application";
		};
/* End PBXNativeTarget section */

/* Begin PBXProject section */
		F3236350244E996300F1EF56 /* Project object */ = {
			isa = PBXProject;
			attributes = {
				LastSwiftUpdateCheck = 1130;
				LastUpgradeCheck = 1130;
				ORGANIZATIONNAME = "Jennifer Nguyen";
				TargetAttributes = {
					F3236357244E996300F1EF56 = {
						CreatedOnToolsVersion = 11.3.1;
					};
				};
			};
			buildConfigurationList = F3236353244E996300F1EF56 /* Build configuration list for PBXProject "Cafe-JSON-Jennifer-Nguyen" */;
			compatibilityVersion = "Xcode 9.3";
			developmentRegion = en;
			hasScannedForEncodings = 0;
			knownRegions = (
				en,
				Base,
			);
			mainGroup = F323634F244E996300F1EF56;
			productRefGroup = F3236359244E996300F1EF56 /* Products */;
			projectDirPath = "";
			projectRoot = "";
			targets = (
				F3236357244E996300F1EF56 /* Cafe-JSON-Jennifer-Nguyen */,
			);
		};
/* End PBXProject section */

/* Begin PBXResourcesBuildPhase section */
		F3236356244E996300F1EF56 /* Resources */ = {
			isa = PBXResourcesBuildPhase;
			buildActionMask = 2147483647;
			files = (
				F3236368244E996400F1EF56 /* LaunchScreen.storyboard in Resources */,
				F3236365244E996400F1EF56 /* Assets.xcassets in Resources */,
				F3236363244E996300F1EF56 /* Main.storyboard in Resources */,
				F3236370244E9A6300F1EF56 /* cafes_sf.json in Resources */,
			);
			runOnlyForDeploymentPostprocessing = 0;
		};
/* End PBXResourcesBuildPhase section */

/* Begin PBXSourcesBuildPhase section */
		F3236354244E996300F1EF56 /* Sources */ = {
			isa = PBXSourcesBuildPhase;
			buildActionMask = 2147483647;
			files = (
				F3236372244E9AED00F1EF56 /* Cafe.swift in Sources */,
				F3236360244E996300F1EF56 /* ViewController.swift in Sources */,
				F323635C244E996300F1EF56 /* AppDelegate.swift in Sources */,
				F323635E244E996300F1EF56 /* SceneDelegate.swift in Sources */,
			);
			runOnlyForDeploymentPostprocessing = 0;
		};
/* End PBXSourcesBuildPhase section */

/* Begin PBXVariantGroup section */
		F3236361244E996300F1EF56 /* Main.storyboard */ = {
			isa = PBXVariantGroup;
			children = (
				F3236362244E996300F1EF56 /* Base */,
			);
			name = Main.storyboard;
			sourceTree = "<group>";
		};
		F3236366244E996400F1EF56 /* LaunchScreen.storyboard */ = {
			isa = PBXVariantGroup;
			children = (
				F3236367244E996400F1EF56 /* Base */,
			);
			name = LaunchScreen.storyboard;
			sourceTree = "<group>";
		};
/* End PBXVariantGroup section */

/* Begin XCBuildConfiguration section */
		F323636A244E996400F1EF56 /* Debug */ = {
			isa = XCBuildConfiguration;
			buildSettings = {
				ALWAYS_SEARCH_USER_PATHS = NO;
				CLANG_ANALYZER_NONNULL = YES;
				CLANG_ANALYZER_NUMBER_OBJECT_CONVERSION = YES_AGGRESSIVE;
				CLANG_CXX_LANGUAGE_STANDARD = "gnu++14";
				CLANG_CXX_LIBRARY = "libc++";
				CLANG_ENABLE_MODULES = YES;
				CLANG_ENABLE_OBJC_ARC = YES;
				CLANG_ENABLE_OBJC_WEAK = YES;
				CLANG_WARN_BLOCK_CAPTURE_AUTORELEASING = YES;
				CLANG_WARN_BOOL_CONVERSION = YES;
				CLANG_WARN_COMMA = YES;
				CLANG_WARN_CONSTANT_CONVERSION = YES;
				CLANG_WARN_DEPRECATED_OBJC_IMPLEMENTATIONS = YES;
				CLANG_WARN_DIRECT_OBJC_ISA_USAGE = YES_ERROR;
				CLANG_WARN_DOCUMENTATION_COMMENTS = YES;
				CLANG_WARN_EMPTY_BODY = YES;
				CLANG_WARN_ENUM_CONVERSION = YES;
				CLANG_WARN_INFINITE_RECURSION = YES;
				CLANG_WARN_INT_CONVERSION = YES;
				CLANG_WARN_NON_LITERAL_NULL_CONVERSION = YES;
				CLANG_WARN_OBJC_IMPLICIT_RETAIN_SELF = YES;
				CLANG_WARN_OBJC_LITERAL_CONVERSION = YES;
				CLANG_WARN_OBJC_ROOT_CLASS = YES_ERROR;
				CLANG_WARN_RANGE_LOOP_ANALYSIS = YES;
				CLANG_WARN_STRICT_PROTOTYPES = YES;
				CLANG_WARN_SUSPICIOUS_MOVE = YES;
				CLANG_WARN_UNGUARDED_AVAILABILITY = YES_AGGRESSIVE;
				CLANG_WARN_UNREACHABLE_CODE = YES;
				CLANG_WARN__DUPLICATE_METHOD_MATCH = YES;
				COPY_PHASE_STRIP = NO;
				DEBUG_INFORMATION_FORMAT = dwarf;
				ENABLE_STRICT_OBJC_MSGSEND = YES;
				ENABLE_TESTABILITY = YES;
				GCC_C_LANGUAGE_STANDARD = gnu11;
				GCC_DYNAMIC_NO_PIC = NO;
				GCC_NO_COMMON_BLOCKS = YES;
				GCC_OPTIMIZATION_LEVEL = 0;
				GCC_PREPROCESSOR_DEFINITIONS = (
					"DEBUG=1",
					"$(inherited)",
				);
				GCC_WARN_64_TO_32_BIT_CONVERSION = YES;
				GCC_WARN_ABOUT_RETURN_TYPE = YES_ERROR;
				GCC_WARN_UNDECLARED_SELECTOR = YES;
				GCC_WARN_UNINITIALIZED_AUTOS = YES_AGGRESSIVE;
				GCC_WARN_UNUSED_FUNCTION = YES;
				GCC_WARN_UNUSED_VARIABLE = YES;
				IPHONEOS_DEPLOYMENT_TARGET = 13.2;
				MTL_ENABLE_DEBUG_INFO = INCLUDE_SOURCE;
				MTL_FAST_MATH = YES;
				ONLY_ACTIVE_ARCH = YES;
				SDKROOT = iphoneos;
				SWIFT_ACTIVE_COMPILATION_CONDITIONS = DEBUG;
				SWIFT_OPTIMIZATION_LEVEL = "-Onone";
			};
			name = Debug;
		};
		F323636B244E996400F1EF56 /* Release */ = {
			isa = XCBuildConfiguration;
			buildSettings = {
				ALWAYS_SEARCH_USER_PATHS = NO;
				CLANG_ANALYZER_NONNULL = YES;
				CLANG_ANALYZER_NUMBER_OBJECT_CONVERSION = YES_AGGRESSIVE;
				CLANG_CXX_LANGUAGE_STANDARD = "gnu++14";
				CLANG_CXX_LIBRARY = "libc++";
				CLANG_ENABLE_MODULES = YES;
				CLANG_ENABLE_OBJC_ARC = YES;
				CLANG_ENABLE_OBJC_WEAK = YES;
				CLANG_WARN_BLOCK_CAPTURE_AUTORELEASING = YES;
				CLANG_WARN_BOOL_CONVERSION = YES;
				CLANG_WARN_COMMA = YES;
				CLANG_WARN_CONSTANT_CONVERSION = YES;
				CLANG_WARN_DEPRECATED_OBJC_IMPLEMENTATIONS = YES;
				CLANG_WARN_DIRECT_OBJC_ISA_USAGE = YES_ERROR;
				CLANG_WARN_DOCUMENTATION_COMMENTS = YES;
				CLANG_WARN_EMPTY_BODY = YES;
				CLANG_WARN_ENUM_CONVERSION = YES;
				CLANG_WARN_INFINITE_RECURSION = YES;
				CLANG_WARN_INT_CONVERSION = YES;
				CLANG_WARN_NON_LITERAL_NULL_CONVERSION = YES;
				CLANG_WARN_OBJC_IMPLICIT_RETAIN_SELF = YES;
				CLANG_WARN_OBJC_LITERAL_CONVERSION = YES;
				CLANG_WARN_OBJC_ROOT_CLASS = YES_ERROR;
				CLANG_WARN_RANGE_LOOP_ANALYSIS = YES;
				CLANG_WARN_STRICT_PROTOTYPES = YES;
				CLANG_WARN_SUSPICIOUS_MOVE = YES;
				CLANG_WARN_UNGUARDED_AVAILABILITY = YES_AGGRESSIVE;
				CLANG_WARN_UNREACHABLE_CODE = YES;
				CLANG_WARN__DUPLICATE_METHOD_MATCH = YES;
				COPY_PHASE_STRIP = NO;
				DEBUG_INFORMATION_FORMAT = "dwarf-with-dsym";
				ENABLE_NS_ASSERTIONS = NO;
				ENABLE_STRICT_OBJC_MSGSEND = YES;
				GCC_C_LANGUAGE_STANDARD = gnu11;
				GCC_NO_COMMON_BLOCKS = YES;
				GCC_WARN_64_TO_32_BIT_CONVERSION = YES;
				GCC_WARN_ABOUT_RETURN_TYPE = YES_ERROR;
				GCC_WARN_UNDECLARED_SELECTOR = YES;
				GCC_WARN_UNINITIALIZED_AUTOS = YES_AGGRESSIVE;
				GCC_WARN_UNUSED_FUNCTION = YES;
				GCC_WARN_UNUSED_VARIABLE = YES;
				IPHONEOS_DEPLOYMENT_TARGET = 13.2;
				MTL_ENABLE_DEBUG_INFO = NO;
				MTL_FAST_MATH = YES;
				SDKROOT = iphoneos;
				SWIFT_COMPILATION_MODE = wholemodule;
				SWIFT_OPTIMIZATION_LEVEL = "-O";
				VALIDATE_PRODUCT = YES;
			};
			name = Release;
		};
		F323636D244E996400F1EF56 /* Debug */ = {
			isa = XCBuildConfiguration;
			buildSettings = {
				ASSETCATALOG_COMPILER_APPICON_NAME = AppIcon;
				CODE_SIGN_STYLE = Automatic;
				INFOPLIST_FILE = "Cafe-JSON-Jennifer-Nguyen/Info.plist";
				LD_RUNPATH_SEARCH_PATHS = (
					"$(inherited)",
					"@executable_path/Frameworks",
				);
				PRODUCT_BUNDLE_IDENTIFIER = "com.nguyen.Cafe-JSON-Jennifer-Nguyen";
				PRODUCT_NAME = "$(TARGET_NAME)";
				SWIFT_VERSION = 5.0;
				TARGETED_DEVICE_FAMILY = "1,2";
			};
			name = Debug;
		};
		F323636E244E996400F1EF56 /* Release */ = {
			isa = XCBuildConfiguration;
			buildSettings = {
				ASSETCATALOG_COMPILER_APPICON_NAME = AppIcon;
				CODE_SIGN_STYLE = Automatic;
				INFOPLIST_FILE = "Cafe-JSON-Jennifer-Nguyen/Info.plist";
				LD_RUNPATH_SEARCH_PATHS = (
					"$(inherited)",
					"@executable_path/Frameworks",
				);
				PRODUCT_BUNDLE_IDENTIFIER = "com.nguyen.Cafe-JSON-Jennifer-Nguyen";
				PRODUCT_NAME = "$(TARGET_NAME)";
				SWIFT_VERSION = 5.0;
				TARGETED_DEVICE_FAMILY = "1,2";
			};
			name = Release;
		};
/* End XCBuildConfiguration section */

/* Begin XCConfigurationList section */
		F3236353244E996300F1EF56 /* Build configuration list for PBXProject "Cafe-JSON-Jennifer-Nguyen" */ = {
			isa = XCConfigurationList;
			buildConfigurations = (
				F323636A244E996400F1EF56 /* Debug */,
				F323636B244E996400F1EF56 /* Release */,
			);
			defaultConfigurationIsVisible = 0;
			defaultConfigurationName = Release;
		};
		F323636C244E996400F1EF56 /* Build configuration list for PBXNativeTarget "Cafe-JSON-Jennifer-Nguyen" */ = {
			isa = XCConfigurationList;
			buildConfigurations = (
				F323636D244E996400F1EF56 /* Debug */,
				F323636E244E996400F1EF56 /* Release */,
			);
			defaultConfigurationIsVisible = 0;
			defaultConfigurationName = Release;
		};
/* End XCConfigurationList section */
	};
	rootObject = F3236350244E996300F1EF56 /* Project object */;
}
